{
  "nodes": {
    "nixpkgs": {
      "locked": {
        "lastModified": 1774610258,
        "narHash": "sha256-HaThtroVD9wRdx7KQk0B75JmFcXlMUoEdDFNOMOlsOs=",
        "owner": "NixOS",
        "repo": "nixpkgs",
        "rev": "832efc09b4caf6b4569fbf9dc01bec3082a00611",
        "type": "github"
      },
      "original": {
        "owner": "NixOS",
        "ref": "nixpkgs-unstable",
        "repo": "nixpkgs",
        "type": "github"
      }
    },
    "plugins-babel-nvim": {
      "flake": false,
      "locked": {
        "lastModified": 1772378853,
        "narHash": "sha256-70hWOuBI+gGReXR1+UpRNikY78r4ltJ5vvRSelq/jGI=",
        "owner": "acidsugarx",
        "repo": "babel.nvim",
        "rev": "f4c28ff7c5198e19d0c319471afbf841d045031d",
        "type": "github"
      },
      "original": {
        "owner": "acidsugarx",
        "repo": "babel.nvim",
        "type": "github"
      }
    },
    "plugins-fcitx5-nvim": {
      "flake": false,
      "locked": {
        "lastModified": 1691786776,
        "narHash": "sha256-AUfakFumvNI4KTYdeUrZc/ybHzgxPNlAGI9pYBYXFFg=",
        "owner": "pysan3",
        "repo": "fcitx5.nvim",
        "rev": "e2154f63e01baa2e7e3d1ce3810bf82b17986720",
        "type": "github"
      },
      "original": {
        "owner": "pysan3",
        "repo": "fcitx5.nvim",
        "type": "github"
      }
    },
    "plugins-lazydocker-nvim": {
      "flake": false,
      "locked": {
        "lastModified": 1766397162,
        "narHash": "sha256-miuLdc27xCRITmlHH1tibrXVnl7EDFK4xek0HmKV2PY=",
        "owner": "mgierada",
        "repo": "lazydocker.nvim",
        "rev": "9dc967891e3c3801c5f5444f7a18ea88a160367f",
        "type": "github"
      },
      "original": {
        "owner": "mgierada",
        "repo": "lazydocker.nvim",
        "type": "github"
      }
    },
    "plugins-lze": {
      "flake": false,
      "locked": {
        "lastModified": 1774333105,
        "narHash": "sha256-UvMGRa1tuQAzgyQu5+X/cEPTZrGxO8V1Q+N+t9ofhdA=",
        "owner": "BirdeeHub",
        "repo": "lze",
        "rev": "079a1dc8da437aa881448ad1f16962d10ea84848",
        "type": "github"
      },
      "original": {
        "owner": "BirdeeHub",
        "repo": "lze",
        "type": "github"
      }
    },
    "plugins-lzextras": {
      "flake": false,
      "locked": {
        "lastModified": 1774333150,
        "narHash": "sha256-5SorM5x/BIPpyBxJN7CHi6huGKzFDJOvzWIAFcdeOdo=",
        "owner": "BirdeeHub",
        "repo": "lzextras",
        "rev": "69c996ae28804abeb60050d98e3a64246394e121",
        "type": "github"
      },
      "original": {
        "owner": "BirdeeHub",
        "repo": "lzextras",
        "type": "github"
      }
    },
    "root": {
      "inputs": {
        "nixpkgs": "nixpkgs",
        "plugins-babel-nvim": "plugins-babel-nvim",
        "plugins-fcitx5-nvim": "plugins-fcitx5-nvim",
        "plugins-lazydocker-nvim": "plugins-lazydocker-nvim",
        "plugins-lze": "plugins-lze",
        "plugins-lzextras": "plugins-lzextras",
        "wrappers": "wrappers"
      }
    },
    "wrappers": {
      "inputs": {
        "nixpkgs": [
          "nixpkgs"
        ]
      },
      "locked": {
        "lastModified": 1774622331,
        "narHash": "sha256-73C9XYuBrgo8unDbmqEFq4pNwQaSGXrTnBckqkOXmBk=",
        "owner": "BirdeeHub",
        "repo": "nix-wrapper-modules",
        "rev": "364e0007179fc2c910a6588e8826fd3fd7a45c14",
        "type": "github"
      },
      "original": {
        "owner": "BirdeeHub",
        "repo": "nix-wrapper-modules",
        "type": "github"
      }
    }
  },
  "root": "root",
  "version": 7
}
